<?xml version="1.0" encoding="utf-8"?>
<Project ToolsVersion="4.0" xmlns="http://schemas.microsoft.com/developer/msbuild/2003">
  <ItemGroup>
    <Filter Include="Source Files">
      <UniqueIdentifier>{4FC737F1-C7A5-4376-A066-2A32D752A2FF}</UniqueIdentifier>
      <Extensions>cpp;c;cc;cxx;def;odl;idl;hpj;bat;asm;asmx</Extensions>
    </Filter>
    <Filter Include="Header Files">
      <UniqueIdentifier>{93995380-89BD-4b04-88EB-625FBE52EBFB}</UniqueIdentifier>
      <Extensions>h;hh;hpp;hxx;hm;inl;inc;xsd</Extensions>
    </Filter>
    <Filter Include="Resource Files">
      <UniqueIdentifier>{67DA6AB6-F800-4c08-8B7A-83BB121AAD01}</UniqueIdentifier>
      <Extensions>rc;ico;cur;bmp;dlg;rc2;rct;bin;rgs;gif;jpg;jpeg;jpe;resx;tiff;tif;png;wav;mfcribbon-ms</Extensions>
    </Filter>
  </ItemGroup>
  <ItemGroup>
    <ClCompile Include="main.cpp">
      <Filter>Source Files</Filter>
    </ClCompile>
    <ClCompile Include="WindowSystem\WindowSystem.cpp">
      <Filter>Source Files</Filter>
    </ClCompile>
    <ClCompile Include="GraphicsSystem\Sphere.cpp">
      <Filter>Source Files</Filter>
    </ClCompile>
    <ClCompile Include="GraphicsSystem\Shader.cpp">
      <Filter>Source Files</Filter>
    </ClCompile>
    <ClCompile Include="Utility\Directory.cpp">
      <Filter>Source Files</Filter>
    </ClCompile>
    <ClCompile Include="Utility\Debug.cpp">
      <Filter>Source Files</Filter>
    </ClCompile>
    <ClCompile Include="GraphicsSystem\OpenGLGraphicsSystem.cpp">
      <Filter>Source Files</Filter>
    </ClCompile>
    <ClCompile Include="GraphicsSystem\Texture2D.cpp">
      <Filter>Source Files</Filter>
    </ClCompile>
    <ClCompile Include="InputSystem\InputSystem.cpp">
      <Filter>Source Files</Filter>
    </ClCompile>
    <ClCompile Include="GraphicsSystem\OpenGLGraphicsSystemScenes.cpp">
      <Filter>Source Files</Filter>
    </ClCompile>
    <ClCompile Include="GraphicsSystem\Cube.cpp">
      <Filter>Source Files</Filter>
    </ClCompile>
    <ClCompile Include="GraphicsSystem\Plane.cpp">
      <Filter>Source Files</Filter>
    </ClCompile>
    <ClCompile Include="GraphicsSystem\Cone.cpp">
      <Filter>Source Files</Filter>
    </ClCompile>
    <ClCompile Include="GraphicsSystem\OpenGLDebugging.cpp">
      <Filter>Source Files</Filter>
    </ClCompile>
    <ClCompile Include="Project1Code\AssimpConvertion.cpp">
      <Filter>Source Files</Filter>
    </ClCompile>
    <ClCompile Include="Project1Code\Quaternion.cpp">
      <Filter>Source Files</Filter>
    </ClCompile>
    <ClCompile Include="Project1Code\SkinnedMesh.cpp">
      <Filter>Source Files</Filter>
    </ClCompile>
    <ClCompile Include="Project1Code\SkinnedMeshStructures.cpp">
      <Filter>Source Files</Filter>
    </ClCompile>
    <ClCompile Include="Project1Code\VQS.cpp">
      <Filter>Source Files</Filter>
    </ClCompile>
    <ClCompile Include="Project2Code\Picking.cpp">
      <Filter>Source Files</Filter>
    </ClCompile>
    <ClCompile Include="Project2Code\Interpolate.cpp">
      <Filter>Source Files</Filter>
    </ClCompile>
    <ClCompile Include="Project2Code\ArcLength.cpp">
      <Filter>Source Files</Filter>
    </ClCompile>
    <ClCompile Include="Project2Code\SpeedControl.cpp">
      <Filter>Source Files</Filter>
    </ClCompile>
    <ClCompile Include="Project2Code\PathSimulation.cpp">
      <Filter>Source Files</Filter>
    </ClCompile>
  </ItemGroup>
  <ItemGroup>
    <ClInclude Include="System.h">
      <Filter>Header Files</Filter>
    </ClInclude>
    <ClInclude Include="Utility\Hash.h">
      <Filter>Header Files</Filter>
    </ClInclude>
    <ClInclude Include="Utility\Clock.h">
      <Filter>Header Files</Filter>
    </ClInclude>
    <ClInclude Include="Utility\Callable.h">
      <Filter>Header Files</Filter>
    </ClInclude>
    <ClInclude Include="Utility\Delegate.h">
      <Filter>Header Files</Filter>
    </ClInclude>
    <ClInclude Include="Utility\PointerFunc.h">
      <Filter>Header Files</Filter>
    </ClInclude>
    <ClInclude Include="WindowSystem\WindowSystem.h">
      <Filter>Header Files</Filter>
    </ClInclude>
    <ClInclude Include="Utility\GESignal.h">
      <Filter>Header Files</Filter>
    </ClInclude>
    <ClInclude Include="Utility\Debug.h">
      <Filter>Header Files</Filter>
    </ClInclude>
    <ClInclude Include="GraphicsSystem\Sphere.h">
      <Filter>Header Files</Filter>
    </ClInclude>
    <ClInclude Include="GraphicsSystem\Shader.h">
      <Filter>Header Files</Filter>
    </ClInclude>
    <ClInclude Include="Utility\Exception.h">
      <Filter>Header Files</Filter>
    </ClInclude>
    <ClInclude Include="Utility\Directory.h">
      <Filter>Header Files</Filter>
    </ClInclude>
    <ClInclude Include="GraphicsSystem\OpenGLGraphicsSystem.h">
      <Filter>Header Files</Filter>
    </ClInclude>
    <ClInclude Include="GraphicsSystem\Texture2D.h">
      <Filter>Header Files</Filter>
    </ClInclude>
    <ClInclude Include="GraphicsSystem\Texture.h">
      <Filter>Header Files</Filter>
    </ClInclude>
    <ClInclude Include="InputSystem\InputSystem.h">
      <Filter>Header Files</Filter>
    </ClInclude>
    <ClInclude Include="SystemTypes.h">
      <Filter>Header Files</Filter>
    </ClInclude>
    <ClInclude Include="GraphicsSystem\Cube.h">
      <Filter>Header Files</Filter>
    </ClInclude>
    <ClInclude Include="GraphicsSystem\Plane.h">
      <Filter>Header Files</Filter>
    </ClInclude>
    <ClInclude Include="GraphicsSystem\Cone.h">
      <Filter>Header Files</Filter>
    </ClInclude>
    <ClInclude Include="resource.h">
      <Filter>Header Files</Filter>
    </ClInclude>
    <ClInclude Include="GraphicsSystem\GraphicSystem.h">
      <Filter>Header Files</Filter>
    </ClInclude>
    <ClInclude Include="GraphicsSystem\OpenGLDebugging.h">
      <Filter>Header Files</Filter>
    </ClInclude>
    <ClInclude Include="Project1Code\AssimpConvetion.h">
      <Filter>Header Files</Filter>
    </ClInclude>
    <ClInclude Include="Project1Code\Interpolation.h">
      <Filter>Header Files</Filter>
    </ClInclude>
    <ClInclude Include="Project1Code\Keyframe.h">
      <Filter>Header Files</Filter>
    </ClInclude>
    <ClInclude Include="Project1Code\Quaternion.h">
      <Filter>Header Files</Filter>
    </ClInclude>
    <ClInclude Include="Project1Code\SkinnedMesh.h">
      <Filter>Header Files</Filter>
    </ClInclude>
    <ClInclude Include="Project1Code\SkinnedMeshStructures.h">
      <Filter>Header Files</Filter>
    </ClInclude>
    <ClInclude Include="Project1Code\VQS.h">
      <Filter>Header Files</Filter>
    </ClInclude>
    <ClInclude Include="Project2Code\Picking.h">
      <Filter>Header Files</Filter>
    </ClInclude>
    <ClInclude Include="Project2Code\Interpolate.h">
      <Filter>Header Files</Filter>
    </ClInclude>
    <ClInclude Include="Project2Code\ArcLength.h">
      <Filter>Header Files</Filter>
    </ClInclude>
    <ClInclude Include="Project2Code\PointParameters.h">
      <Filter>Header Files</Filter>
    </ClInclude>
    <ClInclude Include="DataType.h">
      <Filter>Header Files</Filter>
    </ClInclude>
    <ClInclude Include="Project2Code\SpeedControl.h">
      <Filter>Header Files</Filter>
    </ClInclude>
    <ClInclude Include="Project2Code\PathSimulation.h">
      <Filter>Header Files</Filter>
    </ClInclude>
  </ItemGroup>
  <ItemGroup>
    <ResourceCompile Include="GE.rc">
      <Filter>Resource Files</Filter>
    </ResourceCompile>
  </ItemGroup>
</Project>